// !$*UTF8*$!
{
	archiveVersion = 1;
	classes = {
	};
	objectVersion = 77;
	objects = {

/* Begin PBXContainerItemProxy section */
		1F00B2242F67D7E300197414 /* PBXContainerItemProxy */ = {
			isa = PBXContainerItemProxy;
			containerPortal = 1F00B20E2F67D7E000197414 /* Project object */;
			proxyType = 1;
			remoteGlobalIDString = 1F00B2152F67D7E000197414;
			remoteInfo = SmartExpenseAI;
		};
		1F00B22E2F67D7E300197414 /* PBXContainerItemProxy */ = {
			isa = PBXContainerItemProxy;
			containerPortal = 1F00B20E2F67D7E000197414 /* Project object */;
			proxyType = 1;
			remoteGlobalIDString = 1F00B2152F67D7E000197414;
			remoteInfo = SmartExpenseAI;
		};
/* End PBXContainerItemProxy section */

/* Begin PBXFileReference section */
		1F00B2162F67D7E000197414 /* SmartExpenseAI.app */ = {isa = PBXFileReference; explicitFileType = wrapper.application; includeInIndex = 0; path = SmartExpenseAI.app; sourceTree = BUILT_PRODUCTS_DIR; };
		1F00B2232F67D7E300197414 /* SmartExpenseAITests.xctest */ = {isa = PBXFileReference; explicitFileType = wrapper.cfbundle; includeInIndex = 0; path = SmartExpenseAITests.xctest; sourceTree = BUILT_PRODUCTS_DIR; };
		1F00B22D2F67D7E300197414 /* SmartExpenseAIUITests.xctest */ = {isa = PBXFileReference; explicitFileType = wrapper.cfbundle; includeInIndex = 0; path = SmartExpenseAIUITests.xctest; sourceTree = BUILT_PRODUCTS_DIR; };
/* End PBXFileReference section */

/* Begin PBXFileSystemSynchronizedRootGroup section */
		1F00B2182F67D7E000197414 /* SmartExpenseAI */ = {
			isa = PBXFileSystemSynchronizedRootGroup;
			path = SmartExpenseAI;
			sourceTree = "<group>";
		};
		1F00B2262F67D7E300197414 /* SmartExpenseAITests */ = {
			isa = PBXFileSystemSynchronizedRootGroup;
			path = SmartExpenseAITests;
			sourceTree = "<group>";
		};
		1F00B2302F67D7E300197414 /* SmartExpenseAIUITests */ = {
			isa = PBXFileSystemSynchronizedRootGroup;
			path = SmartExpenseAIUITests;
			sourceTree = "<group>";
		};
/* End PBXFileSystemSynchronizedRootGroup section */

/* Begin PBXFrameworksBuildPhase section */
		1F00B2132F67D7E000197414 /* Frameworks */ = {
			isa = PBXFrameworksBuildPhase;
			buildActionMask = 2147483647;
			files = (
			);
			runOnlyForDeploymentPostprocessing = 0;
		};
		1F00B2202F67D7E300197414 /* Frameworks */ = {
			isa = PBXFrameworksBuildPhase;
			buildActionMask = 2147483647;
			files = (
			);
			runOnlyForDeploymentPostprocessing = 0;
		};
		1F00B22A2F67D7E300197414 /* Frameworks */ = {
			isa = PBXFrameworksBuildPhase;
			buildActionMask = 2147483647;
			files = (
			);
			runOnlyForDeploymentPostprocessing = 0;
		};
/* End PBXFrameworksBuildPhase section */

/* Begin PBXGroup section */
		1F00B20D2F67D7E000197414 = {
			isa = PBXGroup;
			children = (
				1F00B2182F67D7E000197414 /* SmartExpenseAI */,
				1F00B2262F67D7E300197414 /* SmartExpenseAITests */,
				1F00B2302F67D7E300197414 /* SmartExpenseAIUITests */,
				1F00B2172F67D7E000197414 /* Products */,
			);
			sourceTree = "<group>";
		};
		1F00B2172F67D7E000197414 /* Products */ = {
			isa = PBXGroup;
			children = (
				1F00B2162F67D7E000197414 /* SmartExpenseAI.app */,
				1F00B2232F67D7E300197414 /* SmartExpenseAITests.xctest */,
				1F00B22D2F67D7E300197414 /* SmartExpenseAIUITests.xctest */,
			);
			name = Products;
			sourceTree = "<group>";
		};
/* End PBXGroup section */

/* Begin PBXNativeTarget section */
		1F00B2152F67D7E000197414 /* SmartExpenseAI */ = {
			isa = PBXNativeTarget;
			buildConfigurationList = 1F00B2372F67D7E300197414 /* Build configuration list for PBXNativeTarget "SmartExpenseAI" */;
			buildPhases = (
				1F00B2122F67D7E000197414 /* Sources */,
				1F00B2132F67D7E000197414 /* Frameworks */,
				1F00B2142F67D7E000197414 /* Resources */,
			);
			buildRules = (
			);
			dependencies = (
			);
			fileSystemSynchronizedGroups = (
				1F00B2182F67D7E000197414 /* SmartExpenseAI */,
			);
			name = SmartExpenseAI;
			packageProductDependencies = (
			);
			productName = SmartExpenseAI;
			productReference = 1F00B2162F67D7E000197414 /* SmartExpenseAI.app */;
			productType = "com.apple.product-type.application";
		};
		1F00B2222F67D7E300197414 /* SmartExpenseAITests */ = {
			isa = PBXNativeTarget;
			buildConfigurationList = 1F00B23A2F67D7E300197414 /* Build configuration list for PBXNativeTarget "SmartExpenseAITests" */;
			buildPhases = (
				1F00B21F2F67D7E300197414 /* Sources */,
				1F00B2202F67D7E300197414 /* Frameworks */,
				1F00B2212F67D7E300197414 /* Resources */,
			);
			buildRules = (
			);
			dependencies = (
				1F00B2252F67D7E300197414 /* PBXTargetDependency */,
			);
			fileSystemSynchronizedGroups = (
				1F00B2262F67D7E300197414 /* SmartExpenseAITests */,
			);
			name = SmartExpenseAITests;
			packageProductDependencies = (
			);
			productName = SmartExpenseAITests;
			productReference = 1F00B2232F67D7E300197414 /* SmartExpenseAITests.xctest */;
			productType = "com.apple.product-type.bundle.unit-test";
		};
		1F00B22C2F67D7E300197414 /* SmartExpenseAIUITests */ = {
			isa = PBXNativeTarget;
			buildConfigurationList = 1F00B23D2F67D7E300197414 /* Build configuration list for PBXNativeTarget "SmartExpenseAIUITests" */;
			buildPhases = (
				1F00B2292F67D7E300197414 /* Sources */,
				1F00B22A2F67D7E300197414 /* Frameworks */,
				1F00B22B2F67D7E300197414 /* Resources */,
			);
			buildRules = (
			);
			dependencies = (
				1F00B22F2F67D7E300197414 /* PBXTargetDependency */,
			);
			fileSystemSynchronizedGroups = (
				1F00B2302F67D7E300197414 /* SmartExpenseAIUITests */,
			);
			name = SmartExpenseAIUITests;
			packageProductDependencies = (
			);
			productName = SmartExpenseAIUITests;
			productReference = 1F00B22D2F67D7E300197414 /* SmartExpenseAIUITests.xctest */;
			productType = "com.apple.product-type.bundle.ui-testing";
		};
/* End PBXNativeTarget section */

/* Begin PBXProject section */
		1F00B20E2F67D7E000197414 /* Project object */ = {
			isa = PBXProject;
			attributes = {
				BuildIndependentTargetsInParallel = 1;
				LastSwiftUpdateCheck = 2600;
				LastUpgradeCheck = 2600;
				TargetAttributes = {
					1F00B2152F67D7E000197414 = {
						CreatedOnToolsVersion = 26.0;
					};
					1F00B2222F67D7E300197414 = {
						CreatedOnToolsVersion = 26.0;
						TestTargetID = 1F00B2152F67D7E000197414;
					};
					1F00B22C2F67D7E300197414 = {
						CreatedOnToolsVersion = 26.0;
						TestTargetID = 1F00B2152F67D7E000197414;
					};
				};
			};
			buildConfigurationList = 1F00B2112F67D7E000197414 /* Build configuration list for PBXProject "SmartExpenseAI" */;
			developmentRegion = en;
			hasScannedForEncodings = 0;
			knownRegions = (
				en,
				Base,
			);
			mainGroup = 1F00B20D2F67D7E000197414;
			minimizedProjectReferenceProxies = 1;
			preferredProjectObjectVersion = 77;
			productRefGroup = 1F00B2172F67D7E000197414 /* Products */;
			projectDirPath = "";
			projectRoot = "";
			targets = (
				1F00B2152F67D7E000197414 /* SmartExpenseAI */,
				1F00B2222F67D7E300197414 /* SmartExpenseAITests */,
				1F00B22C2F67D7E300197414 /* SmartExpenseAIUITests */,
			);
		};
/* End PBXProject section */

/* Begin PBXResourcesBuildPhase section */
		1F00B2142F67D7E000197414 /* Resources */ = {
			isa = PBXResourcesBuildPhase;
			buildActionMask = 2147483647;
			files = (
			);
			runOnlyForDeploymentPostprocessing = 0;
		};
		1F00B2212F67D7E300197414 /* Resources */ = {
			isa = PBXResourcesBuildPhase;
			buildActionMask = 2147483647;
			files = (
			);
			runOnlyForDeploymentPostprocessing = 0;
		};
		1F00B22B2F67D7E300197414 /* Resources */ = {
			isa = PBXResourcesBuildPhase;
			buildActionMask = 2147483647;
			files = (
			);
			runOnlyForDeploymentPostprocessing = 0;
		};
/* End PBXResourcesBuildPhase section */

/* Begin PBXSourcesBuildPhase section */
		1F00B2122F67D7E000197414 /* Sources */ = {
			isa = PBXSourcesBuildPhase;
			buildActionMask = 2147483647;
			files = (
			);
			runOnlyForDeploymentPostprocessing = 0;
		};
		1F00B21F2F67D7E300197414 /* Sources */ = {
			isa = PBXSourcesBuildPhase;
			buildActionMask = 2147483647;
			files = (
			);
			runOnlyForDeploymentPostprocessing = 0;
		};
		1F00B2292F67D7E300197414 /* Sources */ = {
			isa = PBXSourcesBuildPhase;
			buildActionMask = 2147483647;
			files = (
			);
			runOnlyForDeploymentPostprocessing = 0;
		};
/* End PBXSourcesBuildPhase section */

/* Begin PBXTargetDependency section */
		1F00B2252F67D7E300197414 /* PBXTargetDependency */ = {
			isa = PBXTargetDependency;
			target = 1F00B2152F67D7E000197414 /* SmartExpenseAI */;
			targetProxy = 1F00B2242F67D7E300197414 /* PBXContainerItemProxy */;
		};
		1F00B22F2F67D7E300197414 /* PBXTargetDependency */ = {
			isa = PBXTargetDependency;
			target = 1F00B2152F67D7E000197414 /* SmartExpenseAI */;
			targetProxy = 1F00B22E2F67D7E300197414 /* PBXContainerItemProxy */;
		};
/* End PBXTargetDependency section */

/* Begin XCBuildConfiguration section */
		1F00B2352F67D7E300197414 /* Debug */ = {
			isa = XCBuildConfiguration;
			buildSettings = {
				ALWAYS_SEARCH_USER_PATHS = NO;
				ASSETCATALOG_COMPILER_GENERATE_SWIFT_ASSET_SYMBOL_EXTENSIONS = YES;
				CLANG_ANALYZER_NONNULL = YES;
				CLANG_ANALYZER_NUMBER_OBJECT_CONVERSION = YES_AGGRESSIVE;
				CLANG_CXX_LANGUAGE_STANDARD = "gnu++20";
				CLANG_ENABLE_MODULES = YES;
				CLANG_ENABLE_OBJC_ARC = YES;
				CLANG_ENABLE_OBJC_WEAK = YES;
				CLANG_WARN_BLOCK_CAPTURE_AUTORELEASING = YES;
				CLANG_WARN_BOOL_CONVERSION = YES;
				CLANG_WARN_COMMA = YES;
				CLANG_WARN_CONSTANT_CONVERSION = YES;
				CLANG_WARN_DEPRECATED_OBJC_IMPLEMENTATIONS = YES;
				CLANG_WARN_DIRECT_OBJC_ISA_USAGE = YES_ERROR;
				CLANG_WARN_DOCUMENTATION_COMMENTS = YES;
				CLANG_WARN_EMPTY_BODY = YES;
				CLANG_WARN_ENUM_CONVERSION = YES;
				CLANG_WARN_INFINITE_RECURSION = YES;
				CLANG_WARN_INT_CONVERSION = YES;
				CLANG_WARN_NON_LITERAL_NULL_CONVERSION = YES;
				CLANG_WARN_OBJC_IMPLICIT_RETAIN_SELF = YES;
				CLANG_WARN_OBJC_LITERAL_CONVERSION = YES;
				CLANG_WARN_OBJC_ROOT_CLASS = YES_ERROR;
				CLANG_WARN_QUOTED_INCLUDE_IN_FRAMEWORK_HEADER = YES;
				CLANG_WARN_RANGE_LOOP_ANALYSIS = YES;
				CLANG_WARN_STRICT_PROTOTYPES = YES;
				CLANG_WARN_SUSPICIOUS_MOVE = YES;
				CLANG_WARN_UNGUARDED_AVAILABILITY = YES_AGGRESSIVE;
				CLANG_WARN_UNREACHABLE_CODE = YES;
				CLANG_WARN__DUPLICATE_METHOD_MATCH = YES;
				COPY_PHASE_STRIP = NO;
				DEBUG_INFORMATION_FORMAT = dwarf;
				ENABLE_STRICT_OBJC_MSGSEND = YES;
				ENABLE_TESTABILITY = YES;
				ENABLE_USER_SCRIPT_SANDBOXING = YES;
				GCC_C_LANGUAGE_STANDARD = gnu17;
				GCC_DYNAMIC_NO_PIC = NO;
				GCC_NO_COMMON_BLOCKS = YES;
				GCC_OPTIMIZATION_LEVEL = 0;
				GCC_PREPROCESSOR_DEFINITIONS = (
					"DEBUG=1",
					"$(inherited)",
				);
				GCC_WARN_64_TO_32_BIT_CONVERSION = YES;
				GCC_WARN_ABOUT_RETURN_TYPE = YES_ERROR;
				GCC_WARN_UNDECLARED_SELECTOR = YES;
				GCC_WARN_UNINITIALIZED_AUTOS = YES_AGGRESSIVE;
				GCC_WARN_UNUSED_FUNCTION = YES;
				GCC_WARN_UNUSED_VARIABLE = YES;
				IPHONEOS_DEPLOYMENT_TARGET = 18.0;
				LOCALIZATION_PREFERS_STRING_CATALOGS = YES;
				MTL_ENABLE_DEBUG_INFO = INCLUDE_SOURCE;
				MTL_FAST_MATH = YES;
				ONLY_ACTIVE_ARCH = YES;
				SDKROOT = iphoneos;
				SWIFT_ACTIVE_COMPILATION_CONDITIONS = "DEBUG $(inherited)";
				SWIFT_OPTIMIZATION_LEVEL = "-Onone";
			};
			name = Debug;
		};
		1F00B2362F67D7E300197414 /* Release */ = {
			isa = XCBuildConfiguration;
			buildSettings = {
				ALWAYS_SEARCH_USER_PATHS = NO;
				ASSETCATALOG_COMPILER_GENERATE_SWIFT_ASSET_SYMBOL_EXTENSIONS = YES;
				CLANG_ANALYZER_NONNULL = YES;
				CLANG_ANALYZER_NUMBER_OBJECT_CONVERSION = YES_AGGRESSIVE;
				CLANG_CXX_LANGUAGE_STANDARD = "gnu++20";
				CLANG_ENABLE_MODULES = YES;
				CLANG_ENABLE_OBJC_ARC = YES;
				CLANG_ENABLE_OBJC_WEAK = YES;
				CLANG_WARN_BLOCK_CAPTURE_AUTORELEASING = YES;
				CLANG_WARN_BOOL_CONVERSION = YES;
				CLANG_WARN_COMMA = YES;
				CLANG_WARN_CONSTANT_CONVERSION = YES;
				CLANG_WARN_DEPRECATED_OBJC_IMPLEMENTATIONS = YES;
				CLANG_WARN_DIRECT_OBJC_ISA_USAGE = YES_ERROR;
				CLANG_WARN_DOCUMENTATION_COMMENTS = YES;
				CLANG_WARN_EMPTY_BODY = YES;
				CLANG_WARN_ENUM_CONVERSION = YES;
				CLANG_WARN_INFINITE_RECURSION = YES;
				CLANG_WARN_INT_CONVERSION = YES;
				CLANG_WARN_NON_LITERAL_NULL_CONVERSION = YES;
				CLANG_WARN_OBJC_IMPLICIT_RETAIN_SELF = YES;
				CLANG_WARN_OBJC_LITERAL_CONVERSION = YES;
				CLANG_WARN_OBJC_ROOT_CLASS = YES_ERROR;
				CLANG_WARN_QUOTED_INCLUDE_IN_FRAMEWORK_HEADER = YES;
				CLANG_WARN_RANGE_LOOP_ANALYSIS = YES;
				CLANG_WARN_STRICT_PROTOTYPES = YES;
				CLANG_WARN_SUSPICIOUS_MOVE = YES;
				CLANG_WARN_UNGUARDED_AVAILABILITY = YES_AGGRESSIVE;
				CLANG_WARN_UNREACHABLE_CODE = YES;
				CLANG_WARN__DUPLICATE_METHOD_MATCH = YES;
				COPY_PHASE_STRIP = NO;
				DEBUG_INFORMATION_FORMAT = "dwarf-with-dsym";
				ENABLE_NS_ASSERTIONS = NO;
				ENABLE_STRICT_OBJC_MSGSEND = YES;
				ENABLE_USER_SCRIPT_SANDBOXING = YES;
				GCC_C_LANGUAGE_STANDARD = gnu17;
				GCC_NO_COMMON_BLOCKS = YES;
				GCC_WARN_64_TO_32_BIT_CONVERSION = YES;
				GCC_WARN_ABOUT_RETURN_TYPE = YES_ERROR;
				GCC_WARN_UNDECLARED_SELECTOR = YES;
				GCC_WARN_UNINITIALIZED_AUTOS = YES_AGGRESSIVE;
				GCC_WARN_UNUSED_FUNCTION = YES;
				GCC_WARN_UNUSED_VARIABLE = YES;
				IPHONEOS_DEPLOYMENT_TARGET = 18.0;
				LOCALIZATION_PREFERS_STRING_CATALOGS = YES;
				MTL_ENABLE_DEBUG_INFO = NO;
				MTL_FAST_MATH = YES;
				SDKROOT = iphoneos;
				SWIFT_COMPILATION_MODE = wholemodule;
				VALIDATE_PRODUCT = YES;
			};
			name = Release;
		};
		1F00B2382F67D7E300197414 /* Debug */ = {
			isa = XCBuildConfiguration;
			buildSettings = {
				ASSETCATALOG_COMPILER_APPICON_NAME = AppIcon;
				ASSETCATALOG_COMPILER_GLOBAL_ACCENT_COLOR_NAME = AccentColor;
				CODE_SIGN_STYLE = Automatic;
				CURRENT_PROJECT_VERSION = 1;
				DEVELOPMENT_TEAM = PU23ZB2X47;
				ENABLE_PREVIEWS = YES;
				GENERATE_INFOPLIST_FILE = YES;
				INFOPLIST_KEY_LSApplicationCategoryType = "public.app-category.finance";
				INFOPLIST_KEY_NSCameraUsageDescription = "We need camera access to scan receipts.";
				INFOPLIST_KEY_NSPhotoLibraryUsageDescription = "We need photo library access to upload receipts for scanning.";
				INFOPLIST_KEY_NSAppTransportSecurity = {
					NSAllowsArbitraryLoads = YES;
				};
				INFOPLIST_KEY_UIApplicationSceneManifest_Generation = YES;
				INFOPLIST_KEY_UIApplicationSupportsIndirectInputEvents = YES;
				INFOPLIST_KEY_UILaunchScreen_Generation = YES;
				INFOPLIST_KEY_UISupportedInterfaceOrientations_iPad = "UIInterfaceOrientationPortrait UIInterfaceOrientationPortraitUpsideDown UIInterfaceOrientationLandscapeLeft UIInterfaceOrientationLandscapeRight";
				INFOPLIST_KEY_UISupportedInterfaceOrientations_iPhone = "UIInterfaceOrientationPortrait UIInterfaceOrientationLandscapeLeft UIInterfaceOrientationLandscapeRight";
				LD_RUNPATH_SEARCH_PATHS = (
					"$(inherited)",
					"@executable_path/Frameworks",
				);
				MARKETING_VERSION = 1.0;
				PRODUCT_BUNDLE_IDENTIFIER = www.irsalshydiq.SmartExpenseAI;
				PRODUCT_NAME = "$(TARGET_NAME)";
				STRING_CATALOG_GENERATE_SYMBOLS = YES;
				SWIFT_APPROACHABLE_CONCURRENCY = YES;
				SWIFT_DEFAULT_ACTOR_ISOLATION = MainActor;
				SWIFT_EMIT_LOC_STRINGS = YES;
				SWIFT_UPCOMING_FEATURE_MEMBER_IMPORT_VISIBILITY = YES;
				SWIFT_VERSION = 5.0;
				TARGETED_DEVICE_FAMILY = "1,2";
			};
			name = Debug;
		};
		1F00B2392F67D7E300197414 /* Release */ = {
			isa = XCBuildConfiguration;
			buildSettings = {
				ASSETCATALOG_COMPILER_APPICON_NAME = AppIcon;
				ASSETCATALOG_COMPILER_GLOBAL_ACCENT_COLOR_NAME = AccentColor;
				CODE_SIGN_STYLE = Automatic;
				CURRENT_PROJECT_VERSION = 1;
				DEVELOPMENT_TEAM = PU23ZB2X47;
				ENABLE_PREVIEWS = YES;
				GENERATE_INFOPLIST_FILE = YES;
				INFOPLIST_KEY_LSApplicationCategoryType = "public.app-category.finance";
				INFOPLIST_KEY_NSCameraUsageDescription = "We need camera access to scan receipts.";
				INFOPLIST_KEY_NSPhotoLibraryUsageDescription = "We need photo library access to upload receipts for scanning.";
				INFOPLIST_KEY_NSAppTransportSecurity = {
					NSAllowsArbitraryLoads = YES;
				};
				INFOPLIST_KEY_UIApplicationSceneManifest_Generation = YES;
				INFOPLIST_KEY_UIApplicationSupportsIndirectInputEvents = YES;
				INFOPLIST_KEY_UILaunchScreen_Generation = YES;
				INFOPLIST_KEY_UISupportedInterfaceOrientations_iPad = "UIInterfaceOrientationPortrait UIInterfaceOrientationPortraitUpsideDown UIInterfaceOrientationLandscapeLeft UIInterfaceOrientationLandscapeRight";
				INFOPLIST_KEY_UISupportedInterfaceOrientations_iPhone = "UIInterfaceOrientationPortrait UIInterfaceOrientationLandscapeLeft UIInterfaceOrientationLandscapeRight";
				LD_RUNPATH_SEARCH_PATHS = (
					"$(inherited)",
					"@executable_path/Frameworks",
				);
				MARKETING_VERSION = 1.0;
				PRODUCT_BUNDLE_IDENTIFIER = www.irsalshydiq.SmartExpenseAI;
				PRODUCT_NAME = "$(TARGET_NAME)";
				STRING_CATALOG_GENERATE_SYMBOLS = YES;
				SWIFT_APPROACHABLE_CONCURRENCY = YES;
				SWIFT_DEFAULT_ACTOR_ISOLATION = MainActor;
				SWIFT_EMIT_LOC_STRINGS = YES;
				SWIFT_UPCOMING_FEATURE_MEMBER_IMPORT_VISIBILITY = YES;
				SWIFT_VERSION = 5.0;
				TARGETED_DEVICE_FAMILY = "1,2";
			};
			name = Release;
		};
		1F00B23B2F67D7E300197414 /* Debug */ = {
			isa = XCBuildConfiguration;
			buildSettings = {
				BUNDLE_LOADER = "$(TEST_HOST)";
				CODE_SIGN_STYLE = Automatic;
				CURRENT_PROJECT_VERSION = 1;
				GENERATE_INFOPLIST_FILE = YES;
				IPHONEOS_DEPLOYMENT_TARGET = 18.0;
				MARKETING_VERSION = 1.0;
				PRODUCT_BUNDLE_IDENTIFIER = www.irsalshydiq.SmartExpenseAITests;
				PRODUCT_NAME = "$(TARGET_NAME)";
				STRING_CATALOG_GENERATE_SYMBOLS = NO;
				SWIFT_APPROACHABLE_CONCURRENCY = YES;
				SWIFT_EMIT_LOC_STRINGS = NO;
				SWIFT_UPCOMING_FEATURE_MEMBER_IMPORT_VISIBILITY = YES;
				SWIFT_VERSION = 5.0;
				TARGETED_DEVICE_FAMILY = "1,2";
				TEST_HOST = "$(BUILT_PRODUCTS_DIR)/SmartExpenseAI.app/$(BUNDLE_EXECUTABLE_FOLDER_PATH)/SmartExpenseAI";
			};
			name = Debug;
		};
		1F00B23C2F67D7E300197414 /* Release */ = {
			isa = XCBuildConfiguration;
			buildSettings = {
				BUNDLE_LOADER = "$(TEST_HOST)";
				CODE_SIGN_STYLE = Automatic;
				CURRENT_PROJECT_VERSION = 1;
				GENERATE_INFOPLIST_FILE = YES;
				IPHONEOS_DEPLOYMENT_TARGET = 18.0;
				MARKETING_VERSION = 1.0;
				PRODUCT_BUNDLE_IDENTIFIER = www.irsalshydiq.SmartExpenseAITests;
				PRODUCT_NAME = "$(TARGET_NAME)";
				STRING_CATALOG_GENERATE_SYMBOLS = NO;
				SWIFT_APPROACHABLE_CONCURRENCY = YES;
				SWIFT_EMIT_LOC_STRINGS = NO;
				SWIFT_UPCOMING_FEATURE_MEMBER_IMPORT_VISIBILITY = YES;
				SWIFT_VERSION = 5.0;
				TARGETED_DEVICE_FAMILY = "1,2";
				TEST_HOST = "$(BUILT_PRODUCTS_DIR)/SmartExpenseAI.app/$(BUNDLE_EXECUTABLE_FOLDER_PATH)/SmartExpenseAI";
			};
			name = Release;
		};
		1F00B23E2F67D7E300197414 /* Debug */ = {
			isa = XCBuildConfiguration;
			buildSettings = {
				CODE_SIGN_STYLE = Automatic;
				CURRENT_PROJECT_VERSION = 1;
				GENERATE_INFOPLIST_FILE = YES;
				MARKETING_VERSION = 1.0;
				PRODUCT_BUNDLE_IDENTIFIER = www.irsalshydiq.SmartExpenseAIUITests;
				PRODUCT_NAME = "$(TARGET_NAME)";
				STRING_CATALOG_GENERATE_SYMBOLS = NO;
				SWIFT_APPROACHABLE_CONCURRENCY = YES;
				SWIFT_EMIT_LOC_STRINGS = NO;
				SWIFT_UPCOMING_FEATURE_MEMBER_IMPORT_VISIBILITY = YES;
				SWIFT_VERSION = 5.0;
				TARGETED_DEVICE_FAMILY = "1,2";
				TEST_TARGET_NAME = SmartExpenseAI;
			};
			name = Debug;
		};
		1F00B23F2F67D7E300197414 /* Release */ = {
			isa = XCBuildConfiguration;
			buildSettings = {
				CODE_SIGN_STYLE = Automatic;
				CURRENT_PROJECT_VERSION = 1;
				GENERATE_INFOPLIST_FILE = YES;
				MARKETING_VERSION = 1.0;
				PRODUCT_BUNDLE_IDENTIFIER = www.irsalshydiq.SmartExpenseAIUITests;
				PRODUCT_NAME = "$(TARGET_NAME)";
				STRING_CATALOG_GENERATE_SYMBOLS = NO;
				SWIFT_APPROACHABLE_CONCURRENCY = YES;
				SWIFT_EMIT_LOC_STRINGS = NO;
				SWIFT_UPCOMING_FEATURE_MEMBER_IMPORT_VISIBILITY = YES;
				SWIFT_VERSION = 5.0;
				TARGETED_DEVICE_FAMILY = "1,2";
				TEST_TARGET_NAME = SmartExpenseAI;
			};
			name = Release;
		};
/* End XCBuildConfiguration section */

/* Begin XCConfigurationList section */
		1F00B2112F67D7E000197414 /* Build configuration list for PBXProject "SmartExpenseAI" */ = {
			isa = XCConfigurationList;
			buildConfigurations = (
				1F00B2352F67D7E300197414 /* Debug */,
				1F00B2362F67D7E300197414 /* Release */,
			);
			defaultConfigurationIsVisible = 0;
			defaultConfigurationName = Release;
		};
		1F00B2372F67D7E300197414 /* Build configuration list for PBXNativeTarget "SmartExpenseAI" */ = {
			isa = XCConfigurationList;
			buildConfigurations = (
				1F00B2382F67D7E300197414 /* Debug */,
				1F00B2392F67D7E300197414 /* Release */,
			);
			defaultConfigurationIsVisible = 0;
			defaultConfigurationName = Release;
		};
		1F00B23A2F67D7E300197414 /* Build configuration list for PBXNativeTarget "SmartExpenseAITests" */ = {
			isa = XCConfigurationList;
			buildConfigurations = (
				1F00B23B2F67D7E300197414 /* Debug */,
				1F00B23C2F67D7E300197414 /* Release */,
			);
			defaultConfigurationIsVisible = 0;
			defaultConfigurationName = Release;
		};
		1F00B23D2F67D7E300197414 /* Build configuration list for PBXNativeTarget "SmartExpenseAIUITests" */ = {
			isa = XCConfigurationList;
			buildConfigurations = (
				1F00B23E2F67D7E300197414 /* Debug */,
				1F00B23F2F67D7E300197414 /* Release */,
			);
			defaultConfigurationIsVisible = 0;
			defaultConfigurationName = Release;
		};
/* End XCConfigurationList section */
	};
	rootObject = 1F00B20E2F67D7E000197414 /* Project object */;
}
